
Microsoft Visual Studio Solution File, Format Version 12.00
# Visual Studio 15
VisualStudioVersion = 15.0.27130.2036
MinimumVisualStudioVersion = 10.0.40219.1
Project("{9A19103F-16F7-4668-BE54-9A1E7A4F7556}") = "StudentsGrades", "StudentsGrades\StudentsGrades.csproj", "{28BC78BA-EF48-4F69-8D1D-610527BA826F}"
EndProject
Project("{2150E333-8FDC-42A3-9474-1A3956D46DE8}") = "Tests", "Tests", "{A6A3DE7F-75D1-4CD8-9E3B-2CFB913B42ED}"
EndProject
Project("{9A19103F-16F7-4668-BE54-9A1E7A4F7556}") = "StudentsGrades.Tests.MsTest", "StudentsGrades.Tests\StudentsGrades.Tests.MsTest.csproj", "{F47C27C9-D023-4194-A69F-D4967943A9CB}"
EndProject
Project("{9A19103F-16F7-4668-BE54-9A1E7A4F7556}") = "StudentsGrades.Tests.XUnit", "StudentsGrades.Tests.XUnit\StudentsGrades.Tests.XUnit.csproj", "{61DFFF8B-CFC4-4DAA-9DAD-9602C1A4B908}"
EndProject
Project("{9A19103F-16F7-4668-BE54-9A1E7A4F7556}") = "StudentsGrades.Tests.Nunit.Cmd", "StudentsGrades.Tests.Nunit.Cmd\StudentsGrades.Tests.Nunit.Cmd.csproj", "{3F57A106-5D3F-418C-A52A-FEF42719265D}"
EndProject
Project("{2150E333-8FDC-42A3-9474-1A3956D46DE8}") = "IoCExample", "IoCExample", "{B0CB761E-4ED6-4DFD-B6AB-D048435FD0AC}"
EndProject
Project("{9A19103F-16F7-4668-BE54-9A1E7A4F7556}") = "IocExampleApp", "IocExampleApp\IocExampleApp.csproj", "{EF258E05-B599-46D7-B837-05216DA1F9C0}"
EndProject
Project("{2150E333-8FDC-42A3-9474-1A3956D46DE8}") = "WebApi", "WebApi", "{08DBE6F2-B183-4D04-955D-1E9D9C9ECE91}"
EndProject
Project("{9A19103F-16F7-4668-BE54-9A1E7A4F7556}") = "BestStudentsResults", "BestStudentsResults\BestStudentsResults.csproj", "{43ECFF5B-985F-49EA-8DAF-C22BD1291555}"
EndProject
Project("{2150E333-8FDC-42A3-9474-1A3956D46DE8}") = "IntegrationTests", "IntegrationTests", "{4022C0B5-5FF4-495A-A2D7-E20CF6B4C715}"
EndProject
Project("{FAE04EC0-301F-11D3-BF4B-00C04F79EFBC}") = "StudentsGrades.IntegrationTests.MsTest", "StudentsGrades.IntegrationTests.MsTest\StudentsGrades.IntegrationTests.MsTest.csproj", "{879AC87D-C72D-458C-9D10-FE1080AB517F}"
EndProject
Global
	GlobalSection(SolutionConfigurationPlatforms) = preSolution
		Debug|Any CPU = Debug|Any CPU
		Release|Any CPU = Release|Any CPU
	EndGlobalSection
	GlobalSection(ProjectConfigurationPlatforms) = postSolution
		{28BC78BA-EF48-4F69-8D1D-610527BA826F}.Debug|Any CPU.ActiveCfg = Debug|Any CPU
		{28BC78BA-EF48-4F69-8D1D-610527BA826F}.Debug|Any CPU.Build.0 = Debug|Any CPU
		{28BC78BA-EF48-4F69-8D1D-610527BA826F}.Release|Any CPU.ActiveCfg = Release|Any CPU
		{28BC78BA-EF48-4F69-8D1D-610527BA826F}.Release|Any CPU.Build.0 = Release|Any CPU
		{F47C27C9-D023-4194-A69F-D4967943A9CB}.Debug|Any CPU.ActiveCfg = Debug|Any CPU
		{F47C27C9-D023-4194-A69F-D4967943A9CB}.Debug|Any CPU.Build.0 = Debug|Any CPU
		{F47C27C9-D023-4194-A69F-D4967943A9CB}.Release|Any CPU.ActiveCfg = Release|Any CPU
		{F47C27C9-D023-4194-A69F-D4967943A9CB}.Release|Any CPU.Build.0 = Release|Any CPU
		{61DFFF8B-CFC4-4DAA-9DAD-9602C1A4B908}.Debug|Any CPU.ActiveCfg = Debug|Any CPU
		{61DFFF8B-CFC4-4DAA-9DAD-9602C1A4B908}.Debug|Any CPU.Build.0 = Debug|Any CPU
		{61DFFF8B-CFC4-4DAA-9DAD-9602C1A4B908}.Release|Any CPU.ActiveCfg = Release|Any CPU
		{61DFFF8B-CFC4-4DAA-9DAD-9602C1A4B908}.Release|Any CPU.Build.0 = Release|Any CPU
		{3F57A106-5D3F-418C-A52A-FEF42719265D}.Debug|Any CPU.ActiveCfg = Debug|Any CPU
		{3F57A106-5D3F-418C-A52A-FEF42719265D}.Debug|Any CPU.Build.0 = Debug|Any CPU
		{3F57A106-5D3F-418C-A52A-FEF42719265D}.Release|Any CPU.ActiveCfg = Release|Any CPU
		{3F57A106-5D3F-418C-A52A-FEF42719265D}.Release|Any CPU.Build.0 = Release|Any CPU
		{EF258E05-B599-46D7-B837-05216DA1F9C0}.Debug|Any CPU.ActiveCfg = Debug|Any CPU
		{EF258E05-B599-46D7-B837-05216DA1F9C0}.Debug|Any CPU.Build.0 = Debug|Any CPU
		{EF258E05-B599-46D7-B837-05216DA1F9C0}.Release|Any CPU.ActiveCfg = Release|Any CPU
		{EF258E05-B599-46D7-B837-05216DA1F9C0}.Release|Any CPU.Build.0 = Release|Any CPU
		{43ECFF5B-985F-49EA-8DAF-C22BD1291555}.Debug|Any CPU.ActiveCfg = Debug|Any CPU
		{43ECFF5B-985F-49EA-8DAF-C22BD1291555}.Debug|Any CPU.Build.0 = Debug|Any CPU
		{43ECFF5B-985F-49EA-8DAF-C22BD1291555}.Release|Any CPU.ActiveCfg = Release|Any CPU
		{43ECFF5B-985F-49EA-8DAF-C22BD1291555}.Release|Any CPU.Build.0 = Release|Any CPU
		{879AC87D-C72D-458C-9D10-FE1080AB517F}.Debug|Any CPU.ActiveCfg = Debug|Any CPU
		{879AC87D-C72D-458C-9D10-FE1080AB517F}.Debug|Any CPU.Build.0 = Debug|Any CPU
		{879AC87D-C72D-458C-9D10-FE1080AB517F}.Release|Any CPU.ActiveCfg = Release|Any CPU
		{879AC87D-C72D-458C-9D10-FE1080AB517F}.Release|Any CPU.Build.0 = Release|Any CPU
	EndGlobalSection
	GlobalSection(SolutionProperties) = preSolution
		HideSolutionNode = FALSE
	EndGlobalSection
	GlobalSection(NestedProjects) = preSolution
		{F47C27C9-D023-4194-A69F-D4967943A9CB} = {A6A3DE7F-75D1-4CD8-9E3B-2CFB913B42ED}
		{61DFFF8B-CFC4-4DAA-9DAD-9602C1A4B908} = {A6A3DE7F-75D1-4CD8-9E3B-2CFB913B42ED}
		{3F57A106-5D3F-418C-A52A-FEF42719265D} = {A6A3DE7F-75D1-4CD8-9E3B-2CFB913B42ED}
		{EF258E05-B599-46D7-B837-05216DA1F9C0} = {B0CB761E-4ED6-4DFD-B6AB-D048435FD0AC}
		{43ECFF5B-985F-49EA-8DAF-C22BD1291555} = {08DBE6F2-B183-4D04-955D-1E9D9C9ECE91}
		{879AC87D-C72D-458C-9D10-FE1080AB517F} = {4022C0B5-5FF4-495A-A2D7-E20CF6B4C715}
	EndGlobalSection
	GlobalSection(ExtensibilityGlobals) = postSolution
		SolutionGuid = {1BB44CC0-917E-470C-978D-32B4E86B2836}
	EndGlobalSection
EndGlobal
